
Microsoft Visual Studio Solution File, Format Version 12.00
Project("{FAE04EC0-301F-11D3-BF4B-00C04F79EFBC}") = "FunctionalStuff", "FunctionalStuff\FunctionalStuff.csproj", "{DF635EB5-1994-4E38-B5BE-21BDCE520722}"
EndProject
Global
	GlobalSection(SolutionConfigurationPlatforms) = preSolution
		Debug|Any CPU = Debug|Any CPU
		Release|Any CPU = Release|Any CPU
	EndGlobalSection
	GlobalSection(ProjectConfigurationPlatforms) = postSolution
		{DF635EB5-1994-4E38-B5BE-21BDCE520722}.Debug|Any CPU.ActiveCfg = Debug|Any CPU
		{DF635EB5-1994-4E38-B5BE-21BDCE520722}.Debug|Any CPU.Build.0 = Debug|Any CPU
		{DF635EB5-1994-4E38-B5BE-21BDCE520722}.Release|Any CPU.ActiveCfg = Release|Any CPU
		{DF635EB5-1994-4E38-B5BE-21BDCE520722}.Release|Any CPU.Build.0 = Release|Any CPU
	EndGlobalSection
EndGlobal
